{
  "name": "claw-migrate",
  "version": "2.0.0",
  "lockfileVersion": 3,
  "requires": true,
  "packages": {
    "": {
      "name": "claw-migrate",
      "version": "2.0.0",
      "license": "MIT",
      "bin": {
        "migratekit": "src/index.js"
      },
      "engines": {
        "node": ">=14.0.0"
      }
    }
  }
}
